PODS:
  - AFoundation (0.1.2)
  - AUIKit (1.0.0)

DEPENDENCIES:
  - AFoundation (from `https://github.com/ihormyroniuk/AFoundation`, commit `2c1f537e7a908577782f67a8d6323f57fb92b2ca`)
  - AUIKit (from `https://github.com/ihormyroniuk/AUIKit`, commit `adc47d9bf7e231a13dc7927b5928086e48f2ee67`)

EXTERNAL SOURCES:
  AFoundation:
    :commit: 2c1f537e7a908577782f67a8d6323f57fb92b2ca
    :git: https://github.com/ihormyroniuk/AFoundation
  AUIKit:
    :commit: adc47d9bf7e231a13dc7927b5928086e48f2ee67
    :git: https://github.com/ihormyroniuk/AUIKit

CHECKOUT OPTIONS:
  AFoundation:
    :commit: 2c1f537e7a908577782f67a8d6323f57fb92b2ca
    :git: https://github.com/ihormyroniuk/AFoundation
  AUIKit:
    :commit: adc47d9bf7e231a13dc7927b5928086e48f2ee67
    :git: https://github.com/ihormyroniuk/AUIKit

SPEC CHECKSUMS:
  AFoundation: 92592f523d7a2d8748e77dd649047abba07a17fd
  AUIKit: 1f146cf9d07e7241c2318521cfea313467732d34

PODFILE CHECKSUM: 63cef012105af4ad772d3b0b911354b837551a6e

COCOAPODS: 1.9.1
