// !$*UTF8*$!
{
	archiveVersion = 1;
	classes = {
	};
	objectVersion = 51;
	objects = {

/* Begin PBXBuildFile section */
		6278CC12B1844A8BD7F9340D /* Pods_DoitSoftwareIosTestTask.framework in Frameworks */ = {isa = PBXBuildFile; fileRef = D2D721C2596913F938D62403 /* Pods_DoitSoftwareIosTestTask.framework */; };
		C5780EBE259624B700C26416 /* CreateTaskHttpExchange.swift in Sources */ = {isa = PBXBuildFile; fileRef = C5780EBD259624B700C26416 /* CreateTaskHttpExchange.swift */; };
		C5780EC2259624D300C26416 /* CreatingTask.swift in Sources */ = {isa = PBXBuildFile; fileRef = C5780EC1259624D300C26416 /* CreatingTask.swift */; };
		C5780EC52596252A00C26416 /* TaskPriority.swift in Sources */ = {isa = PBXBuildFile; fileRef = C5780EC42596252A00C26416 /* TaskPriority.swift */; };
		C5780EC82596262900C26416 /* CreatedTask.swift in Sources */ = {isa = PBXBuildFile; fileRef = C5780EC72596262900C26416 /* CreatedTask.swift */; };
		C5780ECB2596288600C26416 /* CreateTaskResult.swift in Sources */ = {isa = PBXBuildFile; fileRef = C5780ECA2596288600C26416 /* CreateTaskResult.swift */; };
		C5780ECF25962CD400C26416 /* GetTasksListHttpExchange.swift in Sources */ = {isa = PBXBuildFile; fileRef = C5780ECE25962CD400C26416 /* GetTasksListHttpExchange.swift */; };
		C5780EDE2596975400C26416 /* GettedTasksList.swift in Sources */ = {isa = PBXBuildFile; fileRef = C5780EDD2596975400C26416 /* GettedTasksList.swift */; };
		C5780EE1259697A200C26416 /* Meta.swift in Sources */ = {isa = PBXBuildFile; fileRef = C5780EE0259697A200C26416 /* Meta.swift */; };
		C5780EE42596988200C26416 /* GettingTasksList.swift in Sources */ = {isa = PBXBuildFile; fileRef = C5780EE32596988200C26416 /* GettingTasksList.swift */; };
		C5780EEA25969D6E00C26416 /* GetTaskDetailsHttpExchange.swift in Sources */ = {isa = PBXBuildFile; fileRef = C5780EE925969D6E00C26416 /* GetTaskDetailsHttpExchange.swift */; };
		C5780EEE25969DC100C26416 /* GettingTaskDetails.swift in Sources */ = {isa = PBXBuildFile; fileRef = C5780EED25969DC100C26416 /* GettingTaskDetails.swift */; };
		C5780EF22596A04100C26416 /* DeleteTaskHttpExchange.swift in Sources */ = {isa = PBXBuildFile; fileRef = C5780EF12596A04100C26416 /* DeleteTaskHttpExchange.swift */; };
		C5780EF62596A2AB00C26416 /* UpdateTaskHttpExchange.swift in Sources */ = {isa = PBXBuildFile; fileRef = C5780EF52596A2AB00C26416 /* UpdateTaskHttpExchange.swift */; };
		C5780EFA2596A2C400C26416 /* UpdatingTasks.swift in Sources */ = {isa = PBXBuildFile; fileRef = C5780EF92596A2C400C26416 /* UpdatingTasks.swift */; };
		C5780EFD2596A32000C26416 /* UpdateTaskResult.swift in Sources */ = {isa = PBXBuildFile; fileRef = C5780EFC2596A32000C26416 /* UpdateTaskResult.swift */; };
		C5780F022596A96D00C26416 /* AddNewUserResult.swift in Sources */ = {isa = PBXBuildFile; fileRef = C5780F012596A96D00C26416 /* AddNewUserResult.swift */; };
		C5780F0B2596AC4B00C26416 /* GetTasksListResult.swift in Sources */ = {isa = PBXBuildFile; fileRef = C5780F0A2596AC4B00C26416 /* GetTasksListResult.swift */; };
		C5780F0F2596AD9100C26416 /* GetTaskDetailsResult.swift in Sources */ = {isa = PBXBuildFile; fileRef = C5780F0E2596AD9100C26416 /* GetTaskDetailsResult.swift */; };
		C5780F142596AF2A00C26416 /* DeleteTaskResult.swift in Sources */ = {isa = PBXBuildFile; fileRef = C5780F132596AF2A00C26416 /* DeleteTaskResult.swift */; };
		C57EA8F7259548BA009CB01F /* AppDelegate.swift in Sources */ = {isa = PBXBuildFile; fileRef = C57EA8F6259548BA009CB01F /* AppDelegate.swift */; };
		C57EA8F9259548BA009CB01F /* SceneDelegate.swift in Sources */ = {isa = PBXBuildFile; fileRef = C57EA8F8259548BA009CB01F /* SceneDelegate.swift */; };
		C57EA8FB259548BA009CB01F /* ViewController.swift in Sources */ = {isa = PBXBuildFile; fileRef = C57EA8FA259548BA009CB01F /* ViewController.swift */; };
		C57EA8FE259548BA009CB01F /* Main.storyboard in Resources */ = {isa = PBXBuildFile; fileRef = C57EA8FC259548BA009CB01F /* Main.storyboard */; };
		C57EA900259548BB009CB01F /* Assets.xcassets in Resources */ = {isa = PBXBuildFile; fileRef = C57EA8FF259548BB009CB01F /* Assets.xcassets */; };
		C57EA903259548BB009CB01F /* LaunchScreen.storyboard in Resources */ = {isa = PBXBuildFile; fileRef = C57EA901259548BB009CB01F /* LaunchScreen.storyboard */; };
		C57EA91A25954E02009CB01F /* DoitSoftwareTestApi.h in Headers */ = {isa = PBXBuildFile; fileRef = C57EA91825954E02009CB01F /* DoitSoftwareTestApi.h */; settings = {ATTRIBUTES = (Public, ); }; };
		C57EA91D25954E02009CB01F /* DoitSoftwareTestApi.framework in Frameworks */ = {isa = PBXBuildFile; fileRef = C57EA91625954E02009CB01F /* DoitSoftwareTestApi.framework */; };
		C57EA91E25954E02009CB01F /* DoitSoftwareTestApi.framework in Embed Frameworks */ = {isa = PBXBuildFile; fileRef = C57EA91625954E02009CB01F /* DoitSoftwareTestApi.framework */; settings = {ATTRIBUTES = (CodeSignOnCopy, RemoveHeadersOnCopy, ); }; };
		C57EA92825954FE5009CB01F /* Api.swift in Sources */ = {isa = PBXBuildFile; fileRef = C57EA92725954FE5009CB01F /* Api.swift */; };
		C57EA92B2595503F009CB01F /* ApiHttpExchange.swift in Sources */ = {isa = PBXBuildFile; fileRef = C57EA92A2595503F009CB01F /* ApiHttpExchange.swift */; };
		C57EA92F259550F5009CB01F /* AddNewUserHttpExchange.swift in Sources */ = {isa = PBXBuildFile; fileRef = C57EA92E259550F5009CB01F /* AddNewUserHttpExchange.swift */; };
		C57EA93525955206009CB01F /* AddingNewUser.swift in Sources */ = {isa = PBXBuildFile; fileRef = C57EA93425955206009CB01F /* AddingNewUser.swift */; };
		C57EA93825955278009CB01F /* AddedNewUser.swift in Sources */ = {isa = PBXBuildFile; fileRef = C57EA93725955278009CB01F /* AddedNewUser.swift */; };
		C57EA94125955901009CB01F /* Interactor.swift in Sources */ = {isa = PBXBuildFile; fileRef = C57EA94025955901009CB01F /* Interactor.swift */; };
		C57EA94425955956009CB01F /* InteractionError.swift in Sources */ = {isa = PBXBuildFile; fileRef = C57EA94325955956009CB01F /* InteractionError.swift */; };
		C57EA94825955993009CB01F /* UrlSessionSharedInteractor.swift in Sources */ = {isa = PBXBuildFile; fileRef = C57EA94725955993009CB01F /* UrlSessionSharedInteractor.swift */; };
		C57EA94C25955ADB009CB01F /* Interactors.swift in Sources */ = {isa = PBXBuildFile; fileRef = C57EA94B25955ADB009CB01F /* Interactors.swift */; };
		C57EA95C259562C1009CB01F /* AuthorizeUserByCredentialsHttpExchange.swift in Sources */ = {isa = PBXBuildFile; fileRef = C57EA95B259562C1009CB01F /* AuthorizeUserByCredentialsHttpExchange.swift */; };
		C57EA95F25956322009CB01F /* AuthorizeUserByCredentialsResult.swift in Sources */ = {isa = PBXBuildFile; fileRef = C57EA95E25956322009CB01F /* AuthorizeUserByCredentialsResult.swift */; };
		FAF3D7AAD96601A4320F6023 /* Pods_DoitSoftwareTestApi.framework in Frameworks */ = {isa = PBXBuildFile; fileRef = 3380C9F8AEE98534171508CA /* Pods_DoitSoftwareTestApi.framework */; };
/* End PBXBuildFile section */

/* Begin PBXContainerItemProxy section */
		C57EA91B25954E02009CB01F /* PBXContainerItemProxy */ = {
			isa = PBXContainerItemProxy;
			containerPortal = C57EA8EB259548BA009CB01F /* Project object */;
			proxyType = 1;
			remoteGlobalIDString = C57EA91525954E02009CB01F;
			remoteInfo = DoitSoftwareTestApi;
		};
/* End PBXContainerItemProxy section */

/* Begin PBXCopyFilesBuildPhase section */
		C57EA91F25954E02009CB01F /* Embed Frameworks */ = {
			isa = PBXCopyFilesBuildPhase;
			buildActionMask = 2147483647;
			dstPath = "";
			dstSubfolderSpec = 10;
			files = (
				C57EA91E25954E02009CB01F /* DoitSoftwareTestApi.framework in Embed Frameworks */,
			);
			name = "Embed Frameworks";
			runOnlyForDeploymentPostprocessing = 0;
		};
/* End PBXCopyFilesBuildPhase section */

/* Begin PBXFileReference section */
		3380C9F8AEE98534171508CA /* Pods_DoitSoftwareTestApi.framework */ = {isa = PBXFileReference; explicitFileType = wrapper.framework; includeInIndex = 0; path = Pods_DoitSoftwareTestApi.framework; sourceTree = BUILT_PRODUCTS_DIR; };
		4B4C9DED6BA5FF585E866655 /* Pods-DoitSoftwareTestApi.release.xcconfig */ = {isa = PBXFileReference; includeInIndex = 1; lastKnownFileType = text.xcconfig; name = "Pods-DoitSoftwareTestApi.release.xcconfig"; path = "Target Support Files/Pods-DoitSoftwareTestApi/Pods-DoitSoftwareTestApi.release.xcconfig"; sourceTree = "<group>"; };
		96EA839887824F32584942D6 /* Pods-DoitSoftwareTestApi.debug.xcconfig */ = {isa = PBXFileReference; includeInIndex = 1; lastKnownFileType = text.xcconfig; name = "Pods-DoitSoftwareTestApi.debug.xcconfig"; path = "Target Support Files/Pods-DoitSoftwareTestApi/Pods-DoitSoftwareTestApi.debug.xcconfig"; sourceTree = "<group>"; };
		C5780EBD259624B700C26416 /* CreateTaskHttpExchange.swift */ = {isa = PBXFileReference; lastKnownFileType = sourcecode.swift; path = CreateTaskHttpExchange.swift; sourceTree = "<group>"; };
		C5780EC1259624D300C26416 /* CreatingTask.swift */ = {isa = PBXFileReference; lastKnownFileType = sourcecode.swift; path = CreatingTask.swift; sourceTree = "<group>"; };
		C5780EC42596252A00C26416 /* TaskPriority.swift */ = {isa = PBXFileReference; lastKnownFileType = sourcecode.swift; path = TaskPriority.swift; sourceTree = "<group>"; };
		C5780EC72596262900C26416 /* CreatedTask.swift */ = {isa = PBXFileReference; lastKnownFileType = sourcecode.swift; path = CreatedTask.swift; sourceTree = "<group>"; };
		C5780ECA2596288600C26416 /* CreateTaskResult.swift */ = {isa = PBXFileReference; lastKnownFileType = sourcecode.swift; path = CreateTaskResult.swift; sourceTree = "<group>"; };
		C5780ECE25962CD400C26416 /* GetTasksListHttpExchange.swift */ = {isa = PBXFileReference; lastKnownFileType = sourcecode.swift; path = GetTasksListHttpExchange.swift; sourceTree = "<group>"; };
		C5780EDD2596975400C26416 /* GettedTasksList.swift */ = {isa = PBXFileReference; lastKnownFileType = sourcecode.swift; path = GettedTasksList.swift; sourceTree = "<group>"; };
		C5780EE0259697A200C26416 /* Meta.swift */ = {isa = PBXFileReference; lastKnownFileType = sourcecode.swift; path = Meta.swift; sourceTree = "<group>"; };
		C5780EE32596988200C26416 /* GettingTasksList.swift */ = {isa = PBXFileReference; lastKnownFileType = sourcecode.swift; path = GettingTasksList.swift; sourceTree = "<group>"; };
		C5780EE925969D6E00C26416 /* GetTaskDetailsHttpExchange.swift */ = {isa = PBXFileReference; lastKnownFileType = sourcecode.swift; path = GetTaskDetailsHttpExchange.swift; sourceTree = "<group>"; };
		C5780EED25969DC100C26416 /* GettingTaskDetails.swift */ = {isa = PBXFileReference; lastKnownFileType = sourcecode.swift; path = GettingTaskDetails.swift; sourceTree = "<group>"; };
		C5780EF12596A04100C26416 /* DeleteTaskHttpExchange.swift */ = {isa = PBXFileReference; lastKnownFileType = sourcecode.swift; path = DeleteTaskHttpExchange.swift; sourceTree = "<group>"; };
		C5780EF52596A2AB00C26416 /* UpdateTaskHttpExchange.swift */ = {isa = PBXFileReference; lastKnownFileType = sourcecode.swift; path = UpdateTaskHttpExchange.swift; sourceTree = "<group>"; };
		C5780EF92596A2C400C26416 /* UpdatingTasks.swift */ = {isa = PBXFileReference; lastKnownFileType = sourcecode.swift; path = UpdatingTasks.swift; sourceTree = "<group>"; };
		C5780EFC2596A32000C26416 /* UpdateTaskResult.swift */ = {isa = PBXFileReference; lastKnownFileType = sourcecode.swift; path = UpdateTaskResult.swift; sourceTree = "<group>"; };
		C5780F012596A96D00C26416 /* AddNewUserResult.swift */ = {isa = PBXFileReference; lastKnownFileType = sourcecode.swift; path = AddNewUserResult.swift; sourceTree = "<group>"; };
		C5780F0A2596AC4B00C26416 /* GetTasksListResult.swift */ = {isa = PBXFileReference; lastKnownFileType = sourcecode.swift; path = GetTasksListResult.swift; sourceTree = "<group>"; };
		C5780F0E2596AD9100C26416 /* GetTaskDetailsResult.swift */ = {isa = PBXFileReference; lastKnownFileType = sourcecode.swift; path = GetTaskDetailsResult.swift; sourceTree = "<group>"; };
		C5780F132596AF2A00C26416 /* DeleteTaskResult.swift */ = {isa = PBXFileReference; lastKnownFileType = sourcecode.swift; path = DeleteTaskResult.swift; sourceTree = "<group>"; };
		C57EA8F3259548BA009CB01F /* DoitSoftwareIosTestTask.app */ = {isa = PBXFileReference; explicitFileType = wrapper.application; includeInIndex = 0; path = DoitSoftwareIosTestTask.app; sourceTree = BUILT_PRODUCTS_DIR; };
		C57EA8F6259548BA009CB01F /* AppDelegate.swift */ = {isa = PBXFileReference; lastKnownFileType = sourcecode.swift; path = AppDelegate.swift; sourceTree = "<group>"; };
		C57EA8F8259548BA009CB01F /* SceneDelegate.swift */ = {isa = PBXFileReference; lastKnownFileType = sourcecode.swift; path = SceneDelegate.swift; sourceTree = "<group>"; };
		C57EA8FA259548BA009CB01F /* ViewController.swift */ = {isa = PBXFileReference; lastKnownFileType = sourcecode.swift; path = ViewController.swift; sourceTree = "<group>"; };
		C57EA8FD259548BA009CB01F /* Base */ = {isa = PBXFileReference; lastKnownFileType = file.storyboard; name = Base; path = Base.lproj/Main.storyboard; sourceTree = "<group>"; };
		C57EA8FF259548BB009CB01F /* Assets.xcassets */ = {isa = PBXFileReference; lastKnownFileType = folder.assetcatalog; path = Assets.xcassets; sourceTree = "<group>"; };
		C57EA902259548BB009CB01F /* Base */ = {isa = PBXFileReference; lastKnownFileType = file.storyboard; name = Base; path = Base.lproj/LaunchScreen.storyboard; sourceTree = "<group>"; };
		C57EA904259548BB009CB01F /* Info.plist */ = {isa = PBXFileReference; lastKnownFileType = text.plist.xml; path = Info.plist; sourceTree = "<group>"; };
		C57EA91625954E02009CB01F /* DoitSoftwareTestApi.framework */ = {isa = PBXFileReference; explicitFileType = wrapper.framework; includeInIndex = 0; path = DoitSoftwareTestApi.framework; sourceTree = BUILT_PRODUCTS_DIR; };
		C57EA91825954E02009CB01F /* DoitSoftwareTestApi.h */ = {isa = PBXFileReference; lastKnownFileType = sourcecode.c.h; path = DoitSoftwareTestApi.h; sourceTree = "<group>"; };
		C57EA91925954E02009CB01F /* Info.plist */ = {isa = PBXFileReference; lastKnownFileType = text.plist.xml; path = Info.plist; sourceTree = "<group>"; };
		C57EA92725954FE5009CB01F /* Api.swift */ = {isa = PBXFileReference; lastKnownFileType = sourcecode.swift; path = Api.swift; sourceTree = "<group>"; };
		C57EA92A2595503F009CB01F /* ApiHttpExchange.swift */ = {isa = PBXFileReference; lastKnownFileType = sourcecode.swift; path = ApiHttpExchange.swift; sourceTree = "<group>"; };
		C57EA92E259550F5009CB01F /* AddNewUserHttpExchange.swift */ = {isa = PBXFileReference; lastKnownFileType = sourcecode.swift; path = AddNewUserHttpExchange.swift; sourceTree = "<group>"; };
		C57EA93425955206009CB01F /* AddingNewUser.swift */ = {isa = PBXFileReference; lastKnownFileType = sourcecode.swift; path = AddingNewUser.swift; sourceTree = "<group>"; };
		C57EA93725955278009CB01F /* AddedNewUser.swift */ = {isa = PBXFileReference; lastKnownFileType = sourcecode.swift; path = AddedNewUser.swift; sourceTree = "<group>"; };
		C57EA94025955901009CB01F /* Interactor.swift */ = {isa = PBXFileReference; lastKnownFileType = sourcecode.swift; path = Interactor.swift; sourceTree = "<group>"; };
		C57EA94325955956009CB01F /* InteractionError.swift */ = {isa = PBXFileReference; lastKnownFileType = sourcecode.swift; path = InteractionError.swift; sourceTree = "<group>"; };
		C57EA94725955993009CB01F /* UrlSessionSharedInteractor.swift */ = {isa = PBXFileReference; lastKnownFileType = sourcecode.swift; path = UrlSessionSharedInteractor.swift; sourceTree = "<group>"; };
		C57EA94B25955ADB009CB01F /* Interactors.swift */ = {isa = PBXFileReference; lastKnownFileType = sourcecode.swift; path = Interactors.swift; sourceTree = "<group>"; };
		C57EA95B259562C1009CB01F /* AuthorizeUserByCredentialsHttpExchange.swift */ = {isa = PBXFileReference; lastKnownFileType = sourcecode.swift; path = AuthorizeUserByCredentialsHttpExchange.swift; sourceTree = "<group>"; };
		C57EA95E25956322009CB01F /* AuthorizeUserByCredentialsResult.swift */ = {isa = PBXFileReference; lastKnownFileType = sourcecode.swift; path = AuthorizeUserByCredentialsResult.swift; sourceTree = "<group>"; };
		D2D721C2596913F938D62403 /* Pods_DoitSoftwareIosTestTask.framework */ = {isa = PBXFileReference; explicitFileType = wrapper.framework; includeInIndex = 0; path = Pods_DoitSoftwareIosTestTask.framework; sourceTree = BUILT_PRODUCTS_DIR; };
		E0993841080935E4E61434F6 /* Pods-DoitSoftwareIosTestTask.release.xcconfig */ = {isa = PBXFileReference; includeInIndex = 1; lastKnownFileType = text.xcconfig; name = "Pods-DoitSoftwareIosTestTask.release.xcconfig"; path = "Target Support Files/Pods-DoitSoftwareIosTestTask/Pods-DoitSoftwareIosTestTask.release.xcconfig"; sourceTree = "<group>"; };
		F403B403A14BFE7A5F541F98 /* Pods-DoitSoftwareIosTestTask.debug.xcconfig */ = {isa = PBXFileReference; includeInIndex = 1; lastKnownFileType = text.xcconfig; name = "Pods-DoitSoftwareIosTestTask.debug.xcconfig"; path = "Target Support Files/Pods-DoitSoftwareIosTestTask/Pods-DoitSoftwareIosTestTask.debug.xcconfig"; sourceTree = "<group>"; };
/* End PBXFileReference section */

/* Begin PBXFrameworksBuildPhase section */
		C57EA8F0259548BA009CB01F /* Frameworks */ = {
			isa = PBXFrameworksBuildPhase;
			buildActionMask = 2147483647;
			files = (
				C57EA91D25954E02009CB01F /* DoitSoftwareTestApi.framework in Frameworks */,
				6278CC12B1844A8BD7F9340D /* Pods_DoitSoftwareIosTestTask.framework in Frameworks */,
			);
			runOnlyForDeploymentPostprocessing = 0;
		};
		C57EA91325954E02009CB01F /* Frameworks */ = {
			isa = PBXFrameworksBuildPhase;
			buildActionMask = 2147483647;
			files = (
				FAF3D7AAD96601A4320F6023 /* Pods_DoitSoftwareTestApi.framework in Frameworks */,
			);
			runOnlyForDeploymentPostprocessing = 0;
		};
/* End PBXFrameworksBuildPhase section */

/* Begin PBXGroup section */
		37DE0997216E1889312F83FB /* Frameworks */ = {
			isa = PBXGroup;
			children = (
				3380C9F8AEE98534171508CA /* Pods_DoitSoftwareTestApi.framework */,
				D2D721C2596913F938D62403 /* Pods_DoitSoftwareIosTestTask.framework */,
			);
			name = Frameworks;
			sourceTree = "<group>";
		};
		C5780EBC2596249E00C26416 /* CreateTask */ = {
			isa = PBXGroup;
			children = (
				C5780EBD259624B700C26416 /* CreateTaskHttpExchange.swift */,
				C5780EC1259624D300C26416 /* CreatingTask.swift */,
				C5780EC42596252A00C26416 /* TaskPriority.swift */,
				C5780ECA2596288600C26416 /* CreateTaskResult.swift */,
				C5780EC72596262900C26416 /* CreatedTask.swift */,
			);
			path = CreateTask;
			sourceTree = "<group>";
		};
		C5780ECD25962CB300C26416 /* GetTasksList */ = {
			isa = PBXGroup;
			children = (
				C5780ECE25962CD400C26416 /* GetTasksListHttpExchange.swift */,
				C5780EE32596988200C26416 /* GettingTasksList.swift */,
				C5780F0A2596AC4B00C26416 /* GetTasksListResult.swift */,
				C5780EDD2596975400C26416 /* GettedTasksList.swift */,
				C5780EE0259697A200C26416 /* Meta.swift */,
			);
			path = GetTasksList;
			sourceTree = "<group>";
		};
		C5780EE825969D2A00C26416 /* GetTaskDetails */ = {
			isa = PBXGroup;
			children = (
				C5780EE925969D6E00C26416 /* GetTaskDetailsHttpExchange.swift */,
				C5780EED25969DC100C26416 /* GettingTaskDetails.swift */,
				C5780F0E2596AD9100C26416 /* GetTaskDetailsResult.swift */,
			);
			path = GetTaskDetails;
			sourceTree = "<group>";
		};
		C5780EF02596A02700C26416 /* DeleteTask */ = {
			isa = PBXGroup;
			children = (
				C5780EF12596A04100C26416 /* DeleteTaskHttpExchange.swift */,
				C5780F132596AF2A00C26416 /* DeleteTaskResult.swift */,
			);
			path = DeleteTask;
			sourceTree = "<group>";
		};
		C5780EF42596A28D00C26416 /* UpdateTask */ = {
			isa = PBXGroup;
			children = (
				C5780EF52596A2AB00C26416 /* UpdateTaskHttpExchange.swift */,
				C5780EF92596A2C400C26416 /* UpdatingTasks.swift */,
				C5780EFC2596A32000C26416 /* UpdateTaskResult.swift */,
			);
			path = UpdateTask;
			sourceTree = "<group>";
		};
		C5780EFF2596A6A600C26416 /* Interaction */ = {
			isa = PBXGroup;
			children = (
				C57EA94025955901009CB01F /* Interactor.swift */,
				C57EA94725955993009CB01F /* UrlSessionSharedInteractor.swift */,
				C57EA94B25955ADB009CB01F /* Interactors.swift */,
				C57EA94325955956009CB01F /* InteractionError.swift */,
			);
			path = Interaction;
			sourceTree = "<group>";
		};
		C5780F002596A6B300C26416 /* Api */ = {
			isa = PBXGroup;
			children = (
				C57EA92725954FE5009CB01F /* Api.swift */,
				C57EA92A2595503F009CB01F /* ApiHttpExchange.swift */,
				C57EA93225955166009CB01F /* AddNewUser */,
				C57EA95A259562A9009CB01F /* AuthorizeUserByCredentials */,
				C5780EBC2596249E00C26416 /* CreateTask */,
				C5780ECD25962CB300C26416 /* GetTasksList */,
				C5780EE825969D2A00C26416 /* GetTaskDetails */,
				C5780EF42596A28D00C26416 /* UpdateTask */,
				C5780EF02596A02700C26416 /* DeleteTask */,
			);
			path = Api;
			sourceTree = "<group>";
		};
		C57EA8EA259548BA009CB01F = {
			isa = PBXGroup;
			children = (
				C57EA8F5259548BA009CB01F /* DoitSoftwareIosTestTask */,
				C57EA91725954E02009CB01F /* DoitSoftwareTestApi */,
				C57EA8F4259548BA009CB01F /* Products */,
				E1CDD2D9BDD63C2ADF6094DC /* Pods */,
				37DE0997216E1889312F83FB /* Frameworks */,
			);
			sourceTree = "<group>";
		};
		C57EA8F4259548BA009CB01F /* Products */ = {
			isa = PBXGroup;
			children = (
				C57EA8F3259548BA009CB01F /* DoitSoftwareIosTestTask.app */,
				C57EA91625954E02009CB01F /* DoitSoftwareTestApi.framework */,
			);
			name = Products;
			sourceTree = "<group>";
		};
		C57EA8F5259548BA009CB01F /* DoitSoftwareIosTestTask */ = {
			isa = PBXGroup;
			children = (
				C57EA8F6259548BA009CB01F /* AppDelegate.swift */,
				C57EA8F8259548BA009CB01F /* SceneDelegate.swift */,
				C57EA8FA259548BA009CB01F /* ViewController.swift */,
				C57EA8FC259548BA009CB01F /* Main.storyboard */,
				C57EA8FF259548BB009CB01F /* Assets.xcassets */,
				C57EA901259548BB009CB01F /* LaunchScreen.storyboard */,
				C57EA904259548BB009CB01F /* Info.plist */,
			);
			path = DoitSoftwareIosTestTask;
			sourceTree = "<group>";
		};
		C57EA91725954E02009CB01F /* DoitSoftwareTestApi */ = {
			isa = PBXGroup;
			children = (
				C5780EFF2596A6A600C26416 /* Interaction */,
				C5780F002596A6B300C26416 /* Api */,
				C57EA91825954E02009CB01F /* DoitSoftwareTestApi.h */,
				C57EA91925954E02009CB01F /* Info.plist */,
			);
			path = DoitSoftwareTestApi;
			sourceTree = "<group>";
		};
		C57EA93225955166009CB01F /* AddNewUser */ = {
			isa = PBXGroup;
			children = (
				C57EA92E259550F5009CB01F /* AddNewUserHttpExchange.swift */,
				C57EA93425955206009CB01F /* AddingNewUser.swift */,
				C5780F012596A96D00C26416 /* AddNewUserResult.swift */,
				C57EA93725955278009CB01F /* AddedNewUser.swift */,
			);
			path = AddNewUser;
			sourceTree = "<group>";
		};
		C57EA95A259562A9009CB01F /* AuthorizeUserByCredentials */ = {
			isa = PBXGroup;
			children = (
				C57EA95B259562C1009CB01F /* AuthorizeUserByCredentialsHttpExchange.swift */,
				C57EA95E25956322009CB01F /* AuthorizeUserByCredentialsResult.swift */,
			);
			path = AuthorizeUserByCredentials;
			sourceTree = "<group>";
		};
		E1CDD2D9BDD63C2ADF6094DC /* Pods */ = {
			isa = PBXGroup;
			children = (
				96EA839887824F32584942D6 /* Pods-DoitSoftwareTestApi.debug.xcconfig */,
				4B4C9DED6BA5FF585E866655 /* Pods-DoitSoftwareTestApi.release.xcconfig */,
				F403B403A14BFE7A5F541F98 /* Pods-DoitSoftwareIosTestTask.debug.xcconfig */,
				E0993841080935E4E61434F6 /* Pods-DoitSoftwareIosTestTask.release.xcconfig */,
			);
			path = Pods;
			sourceTree = "<group>";
		};
/* End PBXGroup section */

/* Begin PBXHeadersBuildPhase section */
		C57EA91125954E02009CB01F /* Headers */ = {
			isa = PBXHeadersBuildPhase;
			buildActionMask = 2147483647;
			files = (
				C57EA91A25954E02009CB01F /* DoitSoftwareTestApi.h in Headers */,
			);
			runOnlyForDeploymentPostprocessing = 0;
		};
/* End PBXHeadersBuildPhase section */

/* Begin PBXNativeTarget section */
		C57EA8F2259548BA009CB01F /* DoitSoftwareIosTestTask */ = {
			isa = PBXNativeTarget;
			buildConfigurationList = C57EA907259548BB009CB01F /* Build configuration list for PBXNativeTarget "DoitSoftwareIosTestTask" */;
			buildPhases = (
				4258B4F3D36725C05B0A3674 /* [CP] Check Pods Manifest.lock */,
				C57EA8EF259548BA009CB01F /* Sources */,
				C57EA8F0259548BA009CB01F /* Frameworks */,
				C57EA8F1259548BA009CB01F /* Resources */,
				C57EA91F25954E02009CB01F /* Embed Frameworks */,
				162C138A9B421196AB9254BD /* [CP] Embed Pods Frameworks */,
			);
			buildRules = (
			);
			dependencies = (
				C57EA91C25954E02009CB01F /* PBXTargetDependency */,
			);
			name = DoitSoftwareIosTestTask;
			productName = DoitSoftwareIosTestTask;
			productReference = C57EA8F3259548BA009CB01F /* DoitSoftwareIosTestTask.app */;
			productType = "com.apple.product-type.application";
		};
		C57EA91525954E02009CB01F /* DoitSoftwareTestApi */ = {
			isa = PBXNativeTarget;
			buildConfigurationList = C57EA92225954E02009CB01F /* Build configuration list for PBXNativeTarget "DoitSoftwareTestApi" */;
			buildPhases = (
				8C008657CD9511F2A1068E0A /* [CP] Check Pods Manifest.lock */,
				C57EA91125954E02009CB01F /* Headers */,
				C57EA91225954E02009CB01F /* Sources */,
				C57EA91325954E02009CB01F /* Frameworks */,
				C57EA91425954E02009CB01F /* Resources */,
			);
			buildRules = (
			);
			dependencies = (
			);
			name = DoitSoftwareTestApi;
			productName = DoitSoftwareTestApi;
			productReference = C57EA91625954E02009CB01F /* DoitSoftwareTestApi.framework */;
			productType = "com.apple.product-type.framework";
		};
/* End PBXNativeTarget section */

/* Begin PBXProject section */
		C57EA8EB259548BA009CB01F /* Project object */ = {
			isa = PBXProject;
			attributes = {
				LastSwiftUpdateCheck = 1220;
				LastUpgradeCheck = 1220;
				TargetAttributes = {
					C57EA8F2259548BA009CB01F = {
						CreatedOnToolsVersion = 12.2;
					};
					C57EA91525954E02009CB01F = {
						CreatedOnToolsVersion = 12.2;
						LastSwiftMigration = 1220;
					};
				};
			};
			buildConfigurationList = C57EA8EE259548BA009CB01F /* Build configuration list for PBXProject "DoitSoftwareIosTestTask" */;
			compatibilityVersion = "Xcode 9.3";
			developmentRegion = en;
			hasScannedForEncodings = 0;
			knownRegions = (
				en,
				Base,
			);
			mainGroup = C57EA8EA259548BA009CB01F;
			productRefGroup = C57EA8F4259548BA009CB01F /* Products */;
			projectDirPath = "";
			projectRoot = "";
			targets = (
				C57EA8F2259548BA009CB01F /* DoitSoftwareIosTestTask */,
				C57EA91525954E02009CB01F /* DoitSoftwareTestApi */,
			);
		};
/* End PBXProject section */

/* Begin PBXResourcesBuildPhase section */
		C57EA8F1259548BA009CB01F /* Resources */ = {
			isa = PBXResourcesBuildPhase;
			buildActionMask = 2147483647;
			files = (
				C57EA903259548BB009CB01F /* LaunchScreen.storyboard in Resources */,
				C57EA900259548BB009CB01F /* Assets.xcassets in Resources */,
				C57EA8FE259548BA009CB01F /* Main.storyboard in Resources */,
			);
			runOnlyForDeploymentPostprocessing = 0;
		};
		C57EA91425954E02009CB01F /* Resources */ = {
			isa = PBXResourcesBuildPhase;
			buildActionMask = 2147483647;
			files = (
			);
			runOnlyForDeploymentPostprocessing = 0;
		};
/* End PBXResourcesBuildPhase section */

/* Begin PBXShellScriptBuildPhase section */
		162C138A9B421196AB9254BD /* [CP] Embed Pods Frameworks */ = {
			isa = PBXShellScriptBuildPhase;
			buildActionMask = 2147483647;
			files = (
			);
			inputFileListPaths = (
				"${PODS_ROOT}/Target Support Files/Pods-DoitSoftwareIosTestTask/Pods-DoitSoftwareIosTestTask-frameworks-${CONFIGURATION}-input-files.xcfilelist",
			);
			name = "[CP] Embed Pods Frameworks";
			outputFileListPaths = (
				"${PODS_ROOT}/Target Support Files/Pods-DoitSoftwareIosTestTask/Pods-DoitSoftwareIosTestTask-frameworks-${CONFIGURATION}-output-files.xcfilelist",
			);
			runOnlyForDeploymentPostprocessing = 0;
			shellPath = /bin/sh;
			shellScript = "\"${PODS_ROOT}/Target Support Files/Pods-DoitSoftwareIosTestTask/Pods-DoitSoftwareIosTestTask-frameworks.sh\"\n";
			showEnvVarsInLog = 0;
		};
		4258B4F3D36725C05B0A3674 /* [CP] Check Pods Manifest.lock */ = {
			isa = PBXShellScriptBuildPhase;
			buildActionMask = 2147483647;
			files = (
			);
			inputFileListPaths = (
			);
			inputPaths = (
				"${PODS_PODFILE_DIR_PATH}/Podfile.lock",
				"${PODS_ROOT}/Manifest.lock",
			);
			name = "[CP] Check Pods Manifest.lock";
			outputFileListPaths = (
			);
			outputPaths = (
				"$(DERIVED_FILE_DIR)/Pods-DoitSoftwareIosTestTask-checkManifestLockResult.txt",
			);
			runOnlyForDeploymentPostprocessing = 0;
			shellPath = /bin/sh;
			shellScript = "diff \"${PODS_PODFILE_DIR_PATH}/Podfile.lock\" \"${PODS_ROOT}/Manifest.lock\" > /dev/null\nif [ $? != 0 ] ; then\n    # print error to STDERR\n    echo \"error: The sandbox is not in sync with the Podfile.lock. Run 'pod install' or update your CocoaPods installation.\" >&2\n    exit 1\nfi\n# This output is used by Xcode 'outputs' to avoid re-running this script phase.\necho \"SUCCESS\" > \"${SCRIPT_OUTPUT_FILE_0}\"\n";
			showEnvVarsInLog = 0;
		};
		8C008657CD9511F2A1068E0A /* [CP] Check Pods Manifest.lock */ = {
			isa = PBXShellScriptBuildPhase;
			buildActionMask = 2147483647;
			files = (
			);
			inputFileListPaths = (
			);
			inputPaths = (
				"${PODS_PODFILE_DIR_PATH}/Podfile.lock",
				"${PODS_ROOT}/Manifest.lock",
			);
			name = "[CP] Check Pods Manifest.lock";
			outputFileListPaths = (
			);
			outputPaths = (
				"$(DERIVED_FILE_DIR)/Pods-DoitSoftwareTestApi-checkManifestLockResult.txt",
			);
			runOnlyForDeploymentPostprocessing = 0;
			shellPath = /bin/sh;
			shellScript = "diff \"${PODS_PODFILE_DIR_PATH}/Podfile.lock\" \"${PODS_ROOT}/Manifest.lock\" > /dev/null\nif [ $? != 0 ] ; then\n    # print error to STDERR\n    echo \"error: The sandbox is not in sync with the Podfile.lock. Run 'pod install' or update your CocoaPods installation.\" >&2\n    exit 1\nfi\n# This output is used by Xcode 'outputs' to avoid re-running this script phase.\necho \"SUCCESS\" > \"${SCRIPT_OUTPUT_FILE_0}\"\n";
			showEnvVarsInLog = 0;
		};
/* End PBXShellScriptBuildPhase section */

/* Begin PBXSourcesBuildPhase section */
		C57EA8EF259548BA009CB01F /* Sources */ = {
			isa = PBXSourcesBuildPhase;
			buildActionMask = 2147483647;
			files = (
				C57EA8FB259548BA009CB01F /* ViewController.swift in Sources */,
				C57EA8F7259548BA009CB01F /* AppDelegate.swift in Sources */,
				C57EA8F9259548BA009CB01F /* SceneDelegate.swift in Sources */,
			);
			runOnlyForDeploymentPostprocessing = 0;
		};
		C57EA91225954E02009CB01F /* Sources */ = {
			isa = PBXSourcesBuildPhase;
			buildActionMask = 2147483647;
			files = (
				C5780EC52596252A00C26416 /* TaskPriority.swift in Sources */,
				C5780EC2259624D300C26416 /* CreatingTask.swift in Sources */,
				C57EA94C25955ADB009CB01F /* Interactors.swift in Sources */,
				C57EA95F25956322009CB01F /* AuthorizeUserByCredentialsResult.swift in Sources */,
				C57EA94825955993009CB01F /* UrlSessionSharedInteractor.swift in Sources */,
				C5780F022596A96D00C26416 /* AddNewUserResult.swift in Sources */,
				C5780EDE2596975400C26416 /* GettedTasksList.swift in Sources */,
				C57EA94125955901009CB01F /* Interactor.swift in Sources */,
				C57EA95C259562C1009CB01F /* AuthorizeUserByCredentialsHttpExchange.swift in Sources */,
				C5780EF62596A2AB00C26416 /* UpdateTaskHttpExchange.swift in Sources */,
				C5780ECB2596288600C26416 /* CreateTaskResult.swift in Sources */,
				C57EA94425955956009CB01F /* InteractionError.swift in Sources */,
				C5780F0F2596AD9100C26416 /* GetTaskDetailsResult.swift in Sources */,
				C57EA92B2595503F009CB01F /* ApiHttpExchange.swift in Sources */,
				C5780EFA2596A2C400C26416 /* UpdatingTasks.swift in Sources */,
				C5780ECF25962CD400C26416 /* GetTasksListHttpExchange.swift in Sources */,
				C57EA92F259550F5009CB01F /* AddNewUserHttpExchange.swift in Sources */,
				C5780EF22596A04100C26416 /* DeleteTaskHttpExchange.swift in Sources */,
				C5780F142596AF2A00C26416 /* DeleteTaskResult.swift in Sources */,
				C5780EFD2596A32000C26416 /* UpdateTaskResult.swift in Sources */,
				C5780EE1259697A200C26416 /* Meta.swift in Sources */,
				C5780EEA25969D6E00C26416 /* GetTaskDetailsHttpExchange.swift in Sources */,
				C5780F0B2596AC4B00C26416 /* GetTasksListResult.swift in Sources */,
				C57EA93525955206009CB01F /* AddingNewUser.swift in Sources */,
				C5780EEE25969DC100C26416 /* GettingTaskDetails.swift in Sources */,
				C5780EBE259624B700C26416 /* CreateTaskHttpExchange.swift in Sources */,
				C57EA93825955278009CB01F /* AddedNewUser.swift in Sources */,
				C5780EE42596988200C26416 /* GettingTasksList.swift in Sources */,
				C5780EC82596262900C26416 /* CreatedTask.swift in Sources */,
				C57EA92825954FE5009CB01F /* Api.swift in Sources */,
			);
			runOnlyForDeploymentPostprocessing = 0;
		};
/* End PBXSourcesBuildPhase section */

/* Begin PBXTargetDependency section */
		C57EA91C25954E02009CB01F /* PBXTargetDependency */ = {
			isa = PBXTargetDependency;
			target = C57EA91525954E02009CB01F /* DoitSoftwareTestApi */;
			targetProxy = C57EA91B25954E02009CB01F /* PBXContainerItemProxy */;
		};
/* End PBXTargetDependency section */

/* Begin PBXVariantGroup section */
		C57EA8FC259548BA009CB01F /* Main.storyboard */ = {
			isa = PBXVariantGroup;
			children = (
				C57EA8FD259548BA009CB01F /* Base */,
			);
			name = Main.storyboard;
			sourceTree = "<group>";
		};
		C57EA901259548BB009CB01F /* LaunchScreen.storyboard */ = {
			isa = PBXVariantGroup;
			children = (
				C57EA902259548BB009CB01F /* Base */,
			);
			name = LaunchScreen.storyboard;
			sourceTree = "<group>";
		};
/* End PBXVariantGroup section */

/* Begin XCBuildConfiguration section */
		C57EA905259548BB009CB01F /* Debug */ = {
			isa = XCBuildConfiguration;
			buildSettings = {
				ALWAYS_SEARCH_USER_PATHS = NO;
				CLANG_ANALYZER_NONNULL = YES;
				CLANG_ANALYZER_NUMBER_OBJECT_CONVERSION = YES_AGGRESSIVE;
				CLANG_CXX_LANGUAGE_STANDARD = "gnu++14";
				CLANG_CXX_LIBRARY = "libc++";
				CLANG_ENABLE_MODULES = YES;
				CLANG_ENABLE_OBJC_ARC = YES;
				CLANG_ENABLE_OBJC_WEAK = YES;
				CLANG_WARN_BLOCK_CAPTURE_AUTORELEASING = YES;
				CLANG_WARN_BOOL_CONVERSION = YES;
				CLANG_WARN_COMMA = YES;
				CLANG_WARN_CONSTANT_CONVERSION = YES;
				CLANG_WARN_DEPRECATED_OBJC_IMPLEMENTATIONS = YES;
				CLANG_WARN_DIRECT_OBJC_ISA_USAGE = YES_ERROR;
				CLANG_WARN_DOCUMENTATION_COMMENTS = YES;
				CLANG_WARN_EMPTY_BODY = YES;
				CLANG_WARN_ENUM_CONVERSION = YES;
				CLANG_WARN_INFINITE_RECURSION = YES;
				CLANG_WARN_INT_CONVERSION = YES;
				CLANG_WARN_NON_LITERAL_NULL_CONVERSION = YES;
				CLANG_WARN_OBJC_IMPLICIT_RETAIN_SELF = YES;
				CLANG_WARN_OBJC_LITERAL_CONVERSION = YES;
				CLANG_WARN_OBJC_ROOT_CLASS = YES_ERROR;
				CLANG_WARN_QUOTED_INCLUDE_IN_FRAMEWORK_HEADER = YES;
				CLANG_WARN_RANGE_LOOP_ANALYSIS = YES;
				CLANG_WARN_STRICT_PROTOTYPES = YES;
				CLANG_WARN_SUSPICIOUS_MOVE = YES;
				CLANG_WARN_UNGUARDED_AVAILABILITY = YES_AGGRESSIVE;
				CLANG_WARN_UNREACHABLE_CODE = YES;
				CLANG_WARN__DUPLICATE_METHOD_MATCH = YES;
				COPY_PHASE_STRIP = NO;
				DEBUG_INFORMATION_FORMAT = dwarf;
				ENABLE_STRICT_OBJC_MSGSEND = YES;
				ENABLE_TESTABILITY = YES;
				GCC_C_LANGUAGE_STANDARD = gnu11;
				GCC_DYNAMIC_NO_PIC = NO;
				GCC_NO_COMMON_BLOCKS = YES;
				GCC_OPTIMIZATION_LEVEL = 0;
				GCC_PREPROCESSOR_DEFINITIONS = (
					"DEBUG=1",
					"$(inherited)",
				);
				GCC_WARN_64_TO_32_BIT_CONVERSION = YES;
				GCC_WARN_ABOUT_RETURN_TYPE = YES_ERROR;
				GCC_WARN_UNDECLARED_SELECTOR = YES;
				GCC_WARN_UNINITIALIZED_AUTOS = YES_AGGRESSIVE;
				GCC_WARN_UNUSED_FUNCTION = YES;
				GCC_WARN_UNUSED_VARIABLE = YES;
				IPHONEOS_DEPLOYMENT_TARGET = 14.2;
				MTL_ENABLE_DEBUG_INFO = INCLUDE_SOURCE;
				MTL_FAST_MATH = YES;
				ONLY_ACTIVE_ARCH = YES;
				SDKROOT = iphoneos;
				SWIFT_ACTIVE_COMPILATION_CONDITIONS = DEBUG;
				SWIFT_OPTIMIZATION_LEVEL = "-Onone";
			};
			name = Debug;
		};
		C57EA906259548BB009CB01F /* Release */ = {
			isa = XCBuildConfiguration;
			buildSettings = {
				ALWAYS_SEARCH_USER_PATHS = NO;
				CLANG_ANALYZER_NONNULL = YES;
				CLANG_ANALYZER_NUMBER_OBJECT_CONVERSION = YES_AGGRESSIVE;
				CLANG_CXX_LANGUAGE_STANDARD = "gnu++14";
				CLANG_CXX_LIBRARY = "libc++";
				CLANG_ENABLE_MODULES = YES;
				CLANG_ENABLE_OBJC_ARC = YES;
				CLANG_ENABLE_OBJC_WEAK = YES;
				CLANG_WARN_BLOCK_CAPTURE_AUTORELEASING = YES;
				CLANG_WARN_BOOL_CONVERSION = YES;
				CLANG_WARN_COMMA = YES;
				CLANG_WARN_CONSTANT_CONVERSION = YES;
				CLANG_WARN_DEPRECATED_OBJC_IMPLEMENTATIONS = YES;
				CLANG_WARN_DIRECT_OBJC_ISA_USAGE = YES_ERROR;
				CLANG_WARN_DOCUMENTATION_COMMENTS = YES;
				CLANG_WARN_EMPTY_BODY = YES;
				CLANG_WARN_ENUM_CONVERSION = YES;
				CLANG_WARN_INFINITE_RECURSION = YES;
				CLANG_WARN_INT_CONVERSION = YES;
				CLANG_WARN_NON_LITERAL_NULL_CONVERSION = YES;
				CLANG_WARN_OBJC_IMPLICIT_RETAIN_SELF = YES;
				CLANG_WARN_OBJC_LITERAL_CONVERSION = YES;
				CLANG_WARN_OBJC_ROOT_CLASS = YES_ERROR;
				CLANG_WARN_QUOTED_INCLUDE_IN_FRAMEWORK_HEADER = YES;
				CLANG_WARN_RANGE_LOOP_ANALYSIS = YES;
				CLANG_WARN_STRICT_PROTOTYPES = YES;
				CLANG_WARN_SUSPICIOUS_MOVE = YES;
				CLANG_WARN_UNGUARDED_AVAILABILITY = YES_AGGRESSIVE;
				CLANG_WARN_UNREACHABLE_CODE = YES;
				CLANG_WARN__DUPLICATE_METHOD_MATCH = YES;
				COPY_PHASE_STRIP = NO;
				DEBUG_INFORMATION_FORMAT = "dwarf-with-dsym";
				ENABLE_NS_ASSERTIONS = NO;
				ENABLE_STRICT_OBJC_MSGSEND = YES;
				GCC_C_LANGUAGE_STANDARD = gnu11;
				GCC_NO_COMMON_BLOCKS = YES;
				GCC_WARN_64_TO_32_BIT_CONVERSION = YES;
				GCC_WARN_ABOUT_RETURN_TYPE = YES_ERROR;
				GCC_WARN_UNDECLARED_SELECTOR = YES;
				GCC_WARN_UNINITIALIZED_AUTOS = YES_AGGRESSIVE;
				GCC_WARN_UNUSED_FUNCTION = YES;
				GCC_WARN_UNUSED_VARIABLE = YES;
				IPHONEOS_DEPLOYMENT_TARGET = 14.2;
				MTL_ENABLE_DEBUG_INFO = NO;
				MTL_FAST_MATH = YES;
				SDKROOT = iphoneos;
				SWIFT_COMPILATION_MODE = wholemodule;
				SWIFT_OPTIMIZATION_LEVEL = "-O";
				VALIDATE_PRODUCT = YES;
			};
			name = Release;
		};
		C57EA908259548BB009CB01F /* Debug */ = {
			isa = XCBuildConfiguration;
			baseConfigurationReference = F403B403A14BFE7A5F541F98 /* Pods-DoitSoftwareIosTestTask.debug.xcconfig */;
			buildSettings = {
				ALWAYS_EMBED_SWIFT_STANDARD_LIBRARIES = YES;
				ASSETCATALOG_COMPILER_APPICON_NAME = AppIcon;
				ASSETCATALOG_COMPILER_GLOBAL_ACCENT_COLOR_NAME = AccentColor;
				CODE_SIGN_STYLE = Automatic;
				DEVELOPMENT_TEAM = 9R8XNB4KQ9;
				INFOPLIST_FILE = DoitSoftwareIosTestTask/Info.plist;
				LD_RUNPATH_SEARCH_PATHS = (
					"$(inherited)",
					"@executable_path/Frameworks",
				);
				PRODUCT_BUNDLE_IDENTIFIER = me.ihormyroniuk.DoitSoftwareIosTestTask;
				PRODUCT_NAME = "$(TARGET_NAME)";
				SWIFT_VERSION = 5.0;
				TARGETED_DEVICE_FAMILY = "1,2";
			};
			name = Debug;
		};
		C57EA909259548BB009CB01F /* Release */ = {
			isa = XCBuildConfiguration;
			baseConfigurationReference = E0993841080935E4E61434F6 /* Pods-DoitSoftwareIosTestTask.release.xcconfig */;
			buildSettings = {
				ALWAYS_EMBED_SWIFT_STANDARD_LIBRARIES = YES;
				ASSETCATALOG_COMPILER_APPICON_NAME = AppIcon;
				ASSETCATALOG_COMPILER_GLOBAL_ACCENT_COLOR_NAME = AccentColor;
				CODE_SIGN_STYLE = Automatic;
				DEVELOPMENT_TEAM = 9R8XNB4KQ9;
				INFOPLIST_FILE = DoitSoftwareIosTestTask/Info.plist;
				LD_RUNPATH_SEARCH_PATHS = (
					"$(inherited)",
					"@executable_path/Frameworks",
				);
				PRODUCT_BUNDLE_IDENTIFIER = me.ihormyroniuk.DoitSoftwareIosTestTask;
				PRODUCT_NAME = "$(TARGET_NAME)";
				SWIFT_VERSION = 5.0;
				TARGETED_DEVICE_FAMILY = "1,2";
			};
			name = Release;
		};
		C57EA92025954E02009CB01F /* Debug */ = {
			isa = XCBuildConfiguration;
			baseConfigurationReference = 96EA839887824F32584942D6 /* Pods-DoitSoftwareTestApi.debug.xcconfig */;
			buildSettings = {
				CLANG_ENABLE_MODULES = YES;
				CODE_SIGN_STYLE = Automatic;
				CURRENT_PROJECT_VERSION = 1;
				DEFINES_MODULE = YES;
				DEVELOPMENT_TEAM = 9R8XNB4KQ9;
				DYLIB_COMPATIBILITY_VERSION = 1;
				DYLIB_CURRENT_VERSION = 1;
				DYLIB_INSTALL_NAME_BASE = "@rpath";
				INFOPLIST_FILE = DoitSoftwareTestApi/Info.plist;
				INSTALL_PATH = "$(LOCAL_LIBRARY_DIR)/Frameworks";
				LD_RUNPATH_SEARCH_PATHS = (
					"$(inherited)",
					"@executable_path/Frameworks",
					"@loader_path/Frameworks",
				);
				PRODUCT_BUNDLE_IDENTIFIER = me.ihormyroniuk.DoitSoftwareTestApi;
				PRODUCT_NAME = "$(TARGET_NAME:c99extidentifier)";
				SKIP_INSTALL = YES;
				SWIFT_OPTIMIZATION_LEVEL = "-Onone";
				SWIFT_VERSION = 5.0;
				TARGETED_DEVICE_FAMILY = "1,2";
				VERSIONING_SYSTEM = "apple-generic";
				VERSION_INFO_PREFIX = "";
			};
			name = Debug;
		};
		C57EA92125954E02009CB01F /* Release */ = {
			isa = XCBuildConfiguration;
			baseConfigurationReference = 4B4C9DED6BA5FF585E866655 /* Pods-DoitSoftwareTestApi.release.xcconfig */;
			buildSettings = {
				CLANG_ENABLE_MODULES = YES;
				CODE_SIGN_STYLE = Automatic;
				CURRENT_PROJECT_VERSION = 1;
				DEFINES_MODULE = YES;
				DEVELOPMENT_TEAM = 9R8XNB4KQ9;
				DYLIB_COMPATIBILITY_VERSION = 1;
				DYLIB_CURRENT_VERSION = 1;
				DYLIB_INSTALL_NAME_BASE = "@rpath";
				INFOPLIST_FILE = DoitSoftwareTestApi/Info.plist;
				INSTALL_PATH = "$(LOCAL_LIBRARY_DIR)/Frameworks";
				LD_RUNPATH_SEARCH_PATHS = (
					"$(inherited)",
					"@executable_path/Frameworks",
					"@loader_path/Frameworks",
				);
				PRODUCT_BUNDLE_IDENTIFIER = me.ihormyroniuk.DoitSoftwareTestApi;
				PRODUCT_NAME = "$(TARGET_NAME:c99extidentifier)";
				SKIP_INSTALL = YES;
				SWIFT_VERSION = 5.0;
				TARGETED_DEVICE_FAMILY = "1,2";
				VERSIONING_SYSTEM = "apple-generic";
				VERSION_INFO_PREFIX = "";
			};
			name = Release;
		};
/* End XCBuildConfiguration section */

/* Begin XCConfigurationList section */
		C57EA8EE259548BA009CB01F /* Build configuration list for PBXProject "DoitSoftwareIosTestTask" */ = {
			isa = XCConfigurationList;
			buildConfigurations = (
				C57EA905259548BB009CB01F /* Debug */,
				C57EA906259548BB009CB01F /* Release */,
			);
			defaultConfigurationIsVisible = 0;
			defaultConfigurationName = Release;
		};
		C57EA907259548BB009CB01F /* Build configuration list for PBXNativeTarget "DoitSoftwareIosTestTask" */ = {
			isa = XCConfigurationList;
			buildConfigurations = (
				C57EA908259548BB009CB01F /* Debug */,
				C57EA909259548BB009CB01F /* Release */,
			);
			defaultConfigurationIsVisible = 0;
			defaultConfigurationName = Release;
		};
		C57EA92225954E02009CB01F /* Build configuration list for PBXNativeTarget "DoitSoftwareTestApi" */ = {
			isa = XCConfigurationList;
			buildConfigurations = (
				C57EA92025954E02009CB01F /* Debug */,
				C57EA92125954E02009CB01F /* Release */,
			);
			defaultConfigurationIsVisible = 0;
			defaultConfigurationName = Release;
		};
/* End XCConfigurationList section */
	};
	rootObject = C57EA8EB259548BA009CB01F /* Project object */;
}
